
Microsoft Visual Studio Solution File, Format Version 12.00
# Visual Studio Version 17
VisualStudioVersion = 17.8.34330.188
MinimumVisualStudioVersion = 10.0.40219.1
Project("{F184B08F-C81C-45F6-A57F-5ABD9991F28F}") = "Etch-O-Sketch", "Etch-O-Sketch.vbproj", "{DBC45193-DDF5-45BF-9D62-FF28B05FCE2F}"
EndProject
Global
	GlobalSection(SolutionConfigurationPlatforms) = preSolution
		Debug|Any CPU = Debug|Any CPU
		Release|Any CPU = Release|Any CPU
	EndGlobalSection
	GlobalSection(ProjectConfigurationPlatforms) = postSolution
		{DBC45193-DDF5-45BF-9D62-FF28B05FCE2F}.Debug|Any CPU.ActiveCfg = Debug|Any CPU
		{DBC45193-DDF5-45BF-9D62-FF28B05FCE2F}.Debug|Any CPU.Build.0 = Debug|Any CPU
		{DBC45193-DDF5-45BF-9D62-FF28B05FCE2F}.Release|Any CPU.ActiveCfg = Release|Any CPU
		{DBC45193-DDF5-45BF-9D62-FF28B05FCE2F}.Release|Any CPU.Build.0 = Release|Any CPU
	EndGlobalSection
	GlobalSection(SolutionProperties) = preSolution
		HideSolutionNode = FALSE
	EndGlobalSection
	GlobalSection(ExtensibilityGlobals) = postSolution
		SolutionGuid = {B7F9D554-3A43-4CCC-8746-40D68E561860}
	EndGlobalSection
EndGlobal
